
Microsoft Visual Studio Solution File, Format Version 12.00
Project("{FAE04EC0-301F-11D3-BF4B-00C04F79EFBC}") = "InterviewRota", "InterviewRota\InterviewRota.csproj", "{638768F6-83E0-47AA-8A78-9CCFF6ADC82D}"
EndProject
Global
	GlobalSection(SolutionConfigurationPlatforms) = preSolution
		Debug|Any CPU = Debug|Any CPU
		Release|Any CPU = Release|Any CPU
	EndGlobalSection
	GlobalSection(ProjectConfigurationPlatforms) = postSolution
		{638768F6-83E0-47AA-8A78-9CCFF6ADC82D}.Debug|Any CPU.ActiveCfg = Debug|Any CPU
		{638768F6-83E0-47AA-8A78-9CCFF6ADC82D}.Debug|Any CPU.Build.0 = Debug|Any CPU
		{638768F6-83E0-47AA-8A78-9CCFF6ADC82D}.Release|Any CPU.ActiveCfg = Release|Any CPU
		{638768F6-83E0-47AA-8A78-9CCFF6ADC82D}.Release|Any CPU.Build.0 = Release|Any CPU
	EndGlobalSection
EndGlobal
